
Microsoft Visual Studio Solution File, Format Version 12.00
# Visual Studio Version 17
VisualStudioVersion = 17.6.33815.320
MinimumVisualStudioVersion = 10.0.40219.1
Project("{FAE04EC0-301F-11D3-BF4B-00C04F79EFBC}") = "Domain", "src\Domain\Domain.csproj", "{694FDA70-630E-4244-8A60-DE8F7969BDC3}"
EndProject
Project("{FAE04EC0-301F-11D3-BF4B-00C04F79EFBC}") = "Application", "src\Application\Application\Application.csproj", "{8800347E-9544-48E8-A2CB-ABD5952F5AFD}"
EndProject
Project("{FAE04EC0-301F-11D3-BF4B-00C04F79EFBC}") = "Presentation", "src\Presentation\Presentation.csproj", "{B4B24EA9-C3CC-462C-90FC-FF295F7A110A}"
EndProject
Project("{FAE04EC0-301F-11D3-BF4B-00C04F79EFBC}") = "Shared", "src\Shared\Shared.csproj", "{DA22BA9E-1657-4A91-AC9B-3831AC9B8192}"
EndProject
Project("{E53339B2-1760-4266-BCC7-CA923CBCF16C}") = "docker-compose", "docker-compose.dcproj", "{81DDED9D-158B-E303-5F62-77A2896D2A5A}"
EndProject
Project("{FAE04EC0-301F-11D3-BF4B-00C04F79EFBC}") = "Infrastructure", "src\Infrastructure\Infrastructure.csproj", "{3D745DFE-AF9A-E111-755D-FD3FFF280728}"
EndProject
Project("{2150E333-8FDC-42A3-9474-1A3956D46DE8}") = "src", "src", "{02EA681E-C7D8-13C7-8484-4AC65E1B71E8}"
EndProject
Project("{FAE04EC0-301F-11D3-BF4B-00C04F79EFBC}") = "PWA", "src\PWA\PWA\PWA.csproj", "{365F5B93-BB64-4A76-82D9-8886007C2BF4}"
EndProject
Project("{FAE04EC0-301F-11D3-BF4B-00C04F79EFBC}") = "PWA.Client", "src\PWA\PWA.Client\PWA.Client.csproj", "{354CFCC2-A802-4678-B28B-B1618A90187B}"
EndProject
Global
	GlobalSection(SolutionConfigurationPlatforms) = preSolution
		Debug|Any CPU = Debug|Any CPU
		Release|Any CPU = Release|Any CPU
	EndGlobalSection
	GlobalSection(ProjectConfigurationPlatforms) = postSolution
		{694FDA70-630E-4244-8A60-DE8F7969BDC3}.Debug|Any CPU.ActiveCfg = Debug|Any CPU
		{694FDA70-630E-4244-8A60-DE8F7969BDC3}.Debug|Any CPU.Build.0 = Debug|Any CPU
		{694FDA70-630E-4244-8A60-DE8F7969BDC3}.Release|Any CPU.ActiveCfg = Release|Any CPU
		{694FDA70-630E-4244-8A60-DE8F7969BDC3}.Release|Any CPU.Build.0 = Release|Any CPU
		{8800347E-9544-48E8-A2CB-ABD5952F5AFD}.Debug|Any CPU.ActiveCfg = Debug|Any CPU
		{8800347E-9544-48E8-A2CB-ABD5952F5AFD}.Debug|Any CPU.Build.0 = Debug|Any CPU
		{8800347E-9544-48E8-A2CB-ABD5952F5AFD}.Release|Any CPU.ActiveCfg = Release|Any CPU
		{8800347E-9544-48E8-A2CB-ABD5952F5AFD}.Release|Any CPU.Build.0 = Release|Any CPU
		{B4B24EA9-C3CC-462C-90FC-FF295F7A110A}.Debug|Any CPU.ActiveCfg = Debug|Any CPU
		{B4B24EA9-C3CC-462C-90FC-FF295F7A110A}.Debug|Any CPU.Build.0 = Debug|Any CPU
		{B4B24EA9-C3CC-462C-90FC-FF295F7A110A}.Release|Any CPU.ActiveCfg = Release|Any CPU
		{B4B24EA9-C3CC-462C-90FC-FF295F7A110A}.Release|Any CPU.Build.0 = Release|Any CPU
		{DA22BA9E-1657-4A91-AC9B-3831AC9B8192}.Debug|Any CPU.ActiveCfg = Debug|Any CPU
		{DA22BA9E-1657-4A91-AC9B-3831AC9B8192}.Debug|Any CPU.Build.0 = Debug|Any CPU
		{DA22BA9E-1657-4A91-AC9B-3831AC9B8192}.Release|Any CPU.ActiveCfg = Release|Any CPU
		{DA22BA9E-1657-4A91-AC9B-3831AC9B8192}.Release|Any CPU.Build.0 = Release|Any CPU
		{81DDED9D-158B-E303-5F62-77A2896D2A5A}.Debug|Any CPU.ActiveCfg = Debug|Any CPU
		{81DDED9D-158B-E303-5F62-77A2896D2A5A}.Debug|Any CPU.Build.0 = Debug|Any CPU
		{81DDED9D-158B-E303-5F62-77A2896D2A5A}.Release|Any CPU.ActiveCfg = Release|Any CPU
		{81DDED9D-158B-E303-5F62-77A2896D2A5A}.Release|Any CPU.Build.0 = Release|Any CPU
		{3D745DFE-AF9A-E111-755D-FD3FFF280728}.Debug|Any CPU.ActiveCfg = Debug|Any CPU
		{3D745DFE-AF9A-E111-755D-FD3FFF280728}.Debug|Any CPU.Build.0 = Debug|Any CPU
		{3D745DFE-AF9A-E111-755D-FD3FFF280728}.Release|Any CPU.ActiveCfg = Release|Any CPU
		{3D745DFE-AF9A-E111-755D-FD3FFF280728}.Release|Any CPU.Build.0 = Release|Any CPU
		{365F5B93-BB64-4A76-82D9-8886007C2BF4}.Debug|Any CPU.ActiveCfg = Debug|Any CPU
		{365F5B93-BB64-4A76-82D9-8886007C2BF4}.Debug|Any CPU.Build.0 = Debug|Any CPU
		{365F5B93-BB64-4A76-82D9-8886007C2BF4}.Release|Any CPU.ActiveCfg = Release|Any CPU
		{365F5B93-BB64-4A76-82D9-8886007C2BF4}.Release|Any CPU.Build.0 = Release|Any CPU
		{354CFCC2-A802-4678-B28B-B1618A90187B}.Debug|Any CPU.ActiveCfg = Debug|Any CPU
		{354CFCC2-A802-4678-B28B-B1618A90187B}.Debug|Any CPU.Build.0 = Debug|Any CPU
		{354CFCC2-A802-4678-B28B-B1618A90187B}.Release|Any CPU.ActiveCfg = Release|Any CPU
		{354CFCC2-A802-4678-B28B-B1618A90187B}.Release|Any CPU.Build.0 = Release|Any CPU
	EndGlobalSection
	GlobalSection(SolutionProperties) = preSolution
		HideSolutionNode = FALSE
	EndGlobalSection
	GlobalSection(NestedProjects) = preSolution
		{694FDA70-630E-4244-8A60-DE8F7969BDC3} = {02EA681E-C7D8-13C7-8484-4AC65E1B71E8}
		{8800347E-9544-48E8-A2CB-ABD5952F5AFD} = {02EA681E-C7D8-13C7-8484-4AC65E1B71E8}
		{B4B24EA9-C3CC-462C-90FC-FF295F7A110A} = {02EA681E-C7D8-13C7-8484-4AC65E1B71E8}
		{DA22BA9E-1657-4A91-AC9B-3831AC9B8192} = {02EA681E-C7D8-13C7-8484-4AC65E1B71E8}
		{81DDED9D-158B-E303-5F62-77A2896D2A5A} = {02EA681E-C7D8-13C7-8484-4AC65E1B71E8}
		{3D745DFE-AF9A-E111-755D-FD3FFF280728} = {02EA681E-C7D8-13C7-8484-4AC65E1B71E8}
		{365F5B93-BB64-4A76-82D9-8886007C2BF4} = {02EA681E-C7D8-13C7-8484-4AC65E1B71E8}
		{354CFCC2-A802-4678-B28B-B1618A90187B} = {02EA681E-C7D8-13C7-8484-4AC65E1B71E8}
	EndGlobalSection
	GlobalSection(ExtensibilityGlobals) = postSolution
		SolutionGuid = {C2D35D1F-F8D2-40A3-874B-34D55282D0F0}
	EndGlobalSection
EndGlobal
